
Microsoft Visual Studio Solution File, Format Version 12.00
# Visual Studio Version 17
VisualStudioVersion = 17.0.31919.166
MinimumVisualStudioVersion = 10.0.40219.1
Project("{9A19103F-16F7-4668-BE54-9A1E7A4F7556}") = "StandUpTimer", "Avalonia\StandUpTimer\StandUpTimer.csproj", "{DF1E24CE-6F42-47D5-AD45-ED4D8567EBF9}"
EndProject
Project("{9A19103F-16F7-4668-BE54-9A1E7A4F7556}") = "StandUpTimer.Core", "Shared\StandUpTimer.Core\StandUpTimer.Core.csproj", "{38C7AB75-09F8-4116-961C-4755F925619B}"
EndProject
Project("{9A19103F-16F7-4668-BE54-9A1E7A4F7556}") = "StandUpTimer.Windows", "WinUI\StandUpTimer.Windows\StandUpTimer.Windows.csproj", "{25479018-10F4-4BC9-A75C-58E66DD642F0}"
EndProject
Project("{2150E333-8FDC-42A3-9474-1A3956D46DE8}") = "Avalonia", "Avalonia", "{61D2A3A7-9D45-44C1-838C-935D64DB8F90}"
EndProject
Project("{9A19103F-16F7-4668-BE54-9A1E7A4F7556}") = "StandUpTimer.CoreTests", "Shared\StandUpTimer.CoreTests\StandUpTimer.CoreTests.csproj", "{A48BBDF6-429B-42E3-BACB-93CE4FC2BEF7}"
EndProject
Project("{2150E333-8FDC-42A3-9474-1A3956D46DE8}") = "WinUI", "WinUI", "{E7C05FD2-15A0-4BC4-B4EF-8252268B4EEC}"
EndProject
Project("{2150E333-8FDC-42A3-9474-1A3956D46DE8}") = "Shared", "Shared", "{7184759D-6752-4D95-B7A1-0AC0AF18120C}"
EndProject
Project("{9A19103F-16F7-4668-BE54-9A1E7A4F7556}") = "StandUpTimer.Localization", "Shared\StandUpTimer.Localization\StandUpTimer.Localization.csproj", "{FA2F98C6-07F3-4577-8124-216B586DEB3F}"
EndProject
Project("{FAE04EC0-301F-11D3-BF4B-00C04F79EFBC}") = "StandUpTimer.UWP", "UWP\StandUpTimer.UWP\StandUpTimer.UWP.csproj", "{011A90F1-602C-481A-9B3F-4A3DE8D30064}"
EndProject
Project("{2150E333-8FDC-42A3-9474-1A3956D46DE8}") = "UWP", "UWP", "{366A1779-AA73-48D9-8C58-C773F55A2557}"
EndProject
Global
	GlobalSection(SolutionConfigurationPlatforms) = preSolution
		Debug|Any CPU = Debug|Any CPU
		Debug|ARM = Debug|ARM
		Debug|arm64 = Debug|arm64
		Debug|x64 = Debug|x64
		Debug|x86 = Debug|x86
		Release|Any CPU = Release|Any CPU
		Release|ARM = Release|ARM
		Release|arm64 = Release|arm64
		Release|x64 = Release|x64
		Release|x86 = Release|x86
	EndGlobalSection
	GlobalSection(ProjectConfigurationPlatforms) = postSolution
		{DF1E24CE-6F42-47D5-AD45-ED4D8567EBF9}.Debug|Any CPU.ActiveCfg = Debug|Any CPU
		{DF1E24CE-6F42-47D5-AD45-ED4D8567EBF9}.Debug|Any CPU.Build.0 = Debug|Any CPU
		{DF1E24CE-6F42-47D5-AD45-ED4D8567EBF9}.Debug|ARM.ActiveCfg = Debug|Any CPU
		{DF1E24CE-6F42-47D5-AD45-ED4D8567EBF9}.Debug|ARM.Build.0 = Debug|Any CPU
		{DF1E24CE-6F42-47D5-AD45-ED4D8567EBF9}.Debug|arm64.ActiveCfg = Debug|Any CPU
		{DF1E24CE-6F42-47D5-AD45-ED4D8567EBF9}.Debug|arm64.Build.0 = Debug|Any CPU
		{DF1E24CE-6F42-47D5-AD45-ED4D8567EBF9}.Debug|x64.ActiveCfg = Debug|Any CPU
		{DF1E24CE-6F42-47D5-AD45-ED4D8567EBF9}.Debug|x64.Build.0 = Debug|Any CPU
		{DF1E24CE-6F42-47D5-AD45-ED4D8567EBF9}.Debug|x86.ActiveCfg = Debug|Any CPU
		{DF1E24CE-6F42-47D5-AD45-ED4D8567EBF9}.Debug|x86.Build.0 = Debug|Any CPU
		{DF1E24CE-6F42-47D5-AD45-ED4D8567EBF9}.Release|Any CPU.ActiveCfg = Release|Any CPU
		{DF1E24CE-6F42-47D5-AD45-ED4D8567EBF9}.Release|Any CPU.Build.0 = Release|Any CPU
		{DF1E24CE-6F42-47D5-AD45-ED4D8567EBF9}.Release|ARM.ActiveCfg = Release|Any CPU
		{DF1E24CE-6F42-47D5-AD45-ED4D8567EBF9}.Release|ARM.Build.0 = Release|Any CPU
		{DF1E24CE-6F42-47D5-AD45-ED4D8567EBF9}.Release|arm64.ActiveCfg = Release|Any CPU
		{DF1E24CE-6F42-47D5-AD45-ED4D8567EBF9}.Release|arm64.Build.0 = Release|Any CPU
		{DF1E24CE-6F42-47D5-AD45-ED4D8567EBF9}.Release|x64.ActiveCfg = Release|Any CPU
		{DF1E24CE-6F42-47D5-AD45-ED4D8567EBF9}.Release|x64.Build.0 = Release|Any CPU
		{DF1E24CE-6F42-47D5-AD45-ED4D8567EBF9}.Release|x86.ActiveCfg = Release|Any CPU
		{DF1E24CE-6F42-47D5-AD45-ED4D8567EBF9}.Release|x86.Build.0 = Release|Any CPU
		{38C7AB75-09F8-4116-961C-4755F925619B}.Debug|Any CPU.ActiveCfg = Debug|Any CPU
		{38C7AB75-09F8-4116-961C-4755F925619B}.Debug|Any CPU.Build.0 = Debug|Any CPU
		{38C7AB75-09F8-4116-961C-4755F925619B}.Debug|ARM.ActiveCfg = Debug|Any CPU
		{38C7AB75-09F8-4116-961C-4755F925619B}.Debug|ARM.Build.0 = Debug|Any CPU
		{38C7AB75-09F8-4116-961C-4755F925619B}.Debug|arm64.ActiveCfg = Debug|Any CPU
		{38C7AB75-09F8-4116-961C-4755F925619B}.Debug|arm64.Build.0 = Debug|Any CPU
		{38C7AB75-09F8-4116-961C-4755F925619B}.Debug|x64.ActiveCfg = Debug|Any CPU
		{38C7AB75-09F8-4116-961C-4755F925619B}.Debug|x64.Build.0 = Debug|Any CPU
		{38C7AB75-09F8-4116-961C-4755F925619B}.Debug|x86.ActiveCfg = Debug|Any CPU
		{38C7AB75-09F8-4116-961C-4755F925619B}.Debug|x86.Build.0 = Debug|Any CPU
		{38C7AB75-09F8-4116-961C-4755F925619B}.Release|Any CPU.ActiveCfg = Release|Any CPU
		{38C7AB75-09F8-4116-961C-4755F925619B}.Release|Any CPU.Build.0 = Release|Any CPU
		{38C7AB75-09F8-4116-961C-4755F925619B}.Release|ARM.ActiveCfg = Release|Any CPU
		{38C7AB75-09F8-4116-961C-4755F925619B}.Release|ARM.Build.0 = Release|Any CPU
		{38C7AB75-09F8-4116-961C-4755F925619B}.Release|arm64.ActiveCfg = Release|Any CPU
		{38C7AB75-09F8-4116-961C-4755F925619B}.Release|arm64.Build.0 = Release|Any CPU
		{38C7AB75-09F8-4116-961C-4755F925619B}.Release|x64.ActiveCfg = Release|Any CPU
		{38C7AB75-09F8-4116-961C-4755F925619B}.Release|x64.Build.0 = Release|Any CPU
		{38C7AB75-09F8-4116-961C-4755F925619B}.Release|x86.ActiveCfg = Release|Any CPU
		{38C7AB75-09F8-4116-961C-4755F925619B}.Release|x86.Build.0 = Release|Any CPU
		{25479018-10F4-4BC9-A75C-58E66DD642F0}.Debug|Any CPU.ActiveCfg = Debug|x64
		{25479018-10F4-4BC9-A75C-58E66DD642F0}.Debug|Any CPU.Build.0 = Debug|x64
		{25479018-10F4-4BC9-A75C-58E66DD642F0}.Debug|Any CPU.Deploy.0 = Debug|x64
		{25479018-10F4-4BC9-A75C-58E66DD642F0}.Debug|ARM.ActiveCfg = Debug|x64
		{25479018-10F4-4BC9-A75C-58E66DD642F0}.Debug|ARM.Build.0 = Debug|x64
		{25479018-10F4-4BC9-A75C-58E66DD642F0}.Debug|ARM.Deploy.0 = Debug|x64
		{25479018-10F4-4BC9-A75C-58E66DD642F0}.Debug|arm64.ActiveCfg = Debug|arm64
		{25479018-10F4-4BC9-A75C-58E66DD642F0}.Debug|arm64.Build.0 = Debug|arm64
		{25479018-10F4-4BC9-A75C-58E66DD642F0}.Debug|arm64.Deploy.0 = Debug|arm64
		{25479018-10F4-4BC9-A75C-58E66DD642F0}.Debug|x64.ActiveCfg = Debug|x64
		{25479018-10F4-4BC9-A75C-58E66DD642F0}.Debug|x64.Build.0 = Debug|x64
		{25479018-10F4-4BC9-A75C-58E66DD642F0}.Debug|x64.Deploy.0 = Debug|x64
		{25479018-10F4-4BC9-A75C-58E66DD642F0}.Debug|x86.ActiveCfg = Debug|x86
		{25479018-10F4-4BC9-A75C-58E66DD642F0}.Debug|x86.Build.0 = Debug|x86
		{25479018-10F4-4BC9-A75C-58E66DD642F0}.Debug|x86.Deploy.0 = Debug|x86
		{25479018-10F4-4BC9-A75C-58E66DD642F0}.Release|Any CPU.ActiveCfg = Release|x64
		{25479018-10F4-4BC9-A75C-58E66DD642F0}.Release|Any CPU.Build.0 = Release|x64
		{25479018-10F4-4BC9-A75C-58E66DD642F0}.Release|Any CPU.Deploy.0 = Release|x64
		{25479018-10F4-4BC9-A75C-58E66DD642F0}.Release|ARM.ActiveCfg = Release|x64
		{25479018-10F4-4BC9-A75C-58E66DD642F0}.Release|ARM.Build.0 = Release|x64
		{25479018-10F4-4BC9-A75C-58E66DD642F0}.Release|ARM.Deploy.0 = Release|x64
		{25479018-10F4-4BC9-A75C-58E66DD642F0}.Release|arm64.ActiveCfg = Release|arm64
		{25479018-10F4-4BC9-A75C-58E66DD642F0}.Release|arm64.Build.0 = Release|arm64
		{25479018-10F4-4BC9-A75C-58E66DD642F0}.Release|arm64.Deploy.0 = Release|arm64
		{25479018-10F4-4BC9-A75C-58E66DD642F0}.Release|x64.ActiveCfg = Release|x64
		{25479018-10F4-4BC9-A75C-58E66DD642F0}.Release|x64.Build.0 = Release|x64
		{25479018-10F4-4BC9-A75C-58E66DD642F0}.Release|x64.Deploy.0 = Release|x64
		{25479018-10F4-4BC9-A75C-58E66DD642F0}.Release|x86.ActiveCfg = Release|x86
		{25479018-10F4-4BC9-A75C-58E66DD642F0}.Release|x86.Build.0 = Release|x86
		{25479018-10F4-4BC9-A75C-58E66DD642F0}.Release|x86.Deploy.0 = Release|x86
		{A48BBDF6-429B-42E3-BACB-93CE4FC2BEF7}.Debug|Any CPU.ActiveCfg = Debug|Any CPU
		{A48BBDF6-429B-42E3-BACB-93CE4FC2BEF7}.Debug|Any CPU.Build.0 = Debug|Any CPU
		{A48BBDF6-429B-42E3-BACB-93CE4FC2BEF7}.Debug|ARM.ActiveCfg = Debug|Any CPU
		{A48BBDF6-429B-42E3-BACB-93CE4FC2BEF7}.Debug|ARM.Build.0 = Debug|Any CPU
		{A48BBDF6-429B-42E3-BACB-93CE4FC2BEF7}.Debug|arm64.ActiveCfg = Debug|Any CPU
		{A48BBDF6-429B-42E3-BACB-93CE4FC2BEF7}.Debug|arm64.Build.0 = Debug|Any CPU
		{A48BBDF6-429B-42E3-BACB-93CE4FC2BEF7}.Debug|x64.ActiveCfg = Debug|Any CPU
		{A48BBDF6-429B-42E3-BACB-93CE4FC2BEF7}.Debug|x64.Build.0 = Debug|Any CPU
		{A48BBDF6-429B-42E3-BACB-93CE4FC2BEF7}.Debug|x86.ActiveCfg = Debug|Any CPU
		{A48BBDF6-429B-42E3-BACB-93CE4FC2BEF7}.Debug|x86.Build.0 = Debug|Any CPU
		{A48BBDF6-429B-42E3-BACB-93CE4FC2BEF7}.Release|Any CPU.ActiveCfg = Release|Any CPU
		{A48BBDF6-429B-42E3-BACB-93CE4FC2BEF7}.Release|Any CPU.Build.0 = Release|Any CPU
		{A48BBDF6-429B-42E3-BACB-93CE4FC2BEF7}.Release|ARM.ActiveCfg = Release|Any CPU
		{A48BBDF6-429B-42E3-BACB-93CE4FC2BEF7}.Release|ARM.Build.0 = Release|Any CPU
		{A48BBDF6-429B-42E3-BACB-93CE4FC2BEF7}.Release|arm64.ActiveCfg = Release|Any CPU
		{A48BBDF6-429B-42E3-BACB-93CE4FC2BEF7}.Release|arm64.Build.0 = Release|Any CPU
		{A48BBDF6-429B-42E3-BACB-93CE4FC2BEF7}.Release|x64.ActiveCfg = Release|Any CPU
		{A48BBDF6-429B-42E3-BACB-93CE4FC2BEF7}.Release|x64.Build.0 = Release|Any CPU
		{A48BBDF6-429B-42E3-BACB-93CE4FC2BEF7}.Release|x86.ActiveCfg = Release|Any CPU
		{A48BBDF6-429B-42E3-BACB-93CE4FC2BEF7}.Release|x86.Build.0 = Release|Any CPU
		{FA2F98C6-07F3-4577-8124-216B586DEB3F}.Debug|Any CPU.ActiveCfg = Debug|Any CPU
		{FA2F98C6-07F3-4577-8124-216B586DEB3F}.Debug|Any CPU.Build.0 = Debug|Any CPU
		{FA2F98C6-07F3-4577-8124-216B586DEB3F}.Debug|ARM.ActiveCfg = Debug|Any CPU
		{FA2F98C6-07F3-4577-8124-216B586DEB3F}.Debug|ARM.Build.0 = Debug|Any CPU
		{FA2F98C6-07F3-4577-8124-216B586DEB3F}.Debug|arm64.ActiveCfg = Debug|Any CPU
		{FA2F98C6-07F3-4577-8124-216B586DEB3F}.Debug|arm64.Build.0 = Debug|Any CPU
		{FA2F98C6-07F3-4577-8124-216B586DEB3F}.Debug|x64.ActiveCfg = Debug|Any CPU
		{FA2F98C6-07F3-4577-8124-216B586DEB3F}.Debug|x64.Build.0 = Debug|Any CPU
		{FA2F98C6-07F3-4577-8124-216B586DEB3F}.Debug|x86.ActiveCfg = Debug|Any CPU
		{FA2F98C6-07F3-4577-8124-216B586DEB3F}.Debug|x86.Build.0 = Debug|Any CPU
		{FA2F98C6-07F3-4577-8124-216B586DEB3F}.Release|Any CPU.ActiveCfg = Release|Any CPU
		{FA2F98C6-07F3-4577-8124-216B586DEB3F}.Release|Any CPU.Build.0 = Release|Any CPU
		{FA2F98C6-07F3-4577-8124-216B586DEB3F}.Release|ARM.ActiveCfg = Release|Any CPU
		{FA2F98C6-07F3-4577-8124-216B586DEB3F}.Release|ARM.Build.0 = Release|Any CPU
		{FA2F98C6-07F3-4577-8124-216B586DEB3F}.Release|arm64.ActiveCfg = Release|Any CPU
		{FA2F98C6-07F3-4577-8124-216B586DEB3F}.Release|arm64.Build.0 = Release|Any CPU
		{FA2F98C6-07F3-4577-8124-216B586DEB3F}.Release|x64.ActiveCfg = Release|Any CPU
		{FA2F98C6-07F3-4577-8124-216B586DEB3F}.Release|x64.Build.0 = Release|Any CPU
		{FA2F98C6-07F3-4577-8124-216B586DEB3F}.Release|x86.ActiveCfg = Release|Any CPU
		{FA2F98C6-07F3-4577-8124-216B586DEB3F}.Release|x86.Build.0 = Release|Any CPU
		{011A90F1-602C-481A-9B3F-4A3DE8D30064}.Debug|Any CPU.ActiveCfg = Debug|x64
		{011A90F1-602C-481A-9B3F-4A3DE8D30064}.Debug|Any CPU.Build.0 = Debug|x64
		{011A90F1-602C-481A-9B3F-4A3DE8D30064}.Debug|Any CPU.Deploy.0 = Debug|x64
		{011A90F1-602C-481A-9B3F-4A3DE8D30064}.Debug|ARM.ActiveCfg = Debug|ARM
		{011A90F1-602C-481A-9B3F-4A3DE8D30064}.Debug|ARM.Build.0 = Debug|ARM
		{011A90F1-602C-481A-9B3F-4A3DE8D30064}.Debug|ARM.Deploy.0 = Debug|ARM
		{011A90F1-602C-481A-9B3F-4A3DE8D30064}.Debug|arm64.ActiveCfg = Debug|ARM64
		{011A90F1-602C-481A-9B3F-4A3DE8D30064}.Debug|arm64.Build.0 = Debug|ARM64
		{011A90F1-602C-481A-9B3F-4A3DE8D30064}.Debug|arm64.Deploy.0 = Debug|ARM64
		{011A90F1-602C-481A-9B3F-4A3DE8D30064}.Debug|x64.ActiveCfg = Debug|x64
		{011A90F1-602C-481A-9B3F-4A3DE8D30064}.Debug|x64.Build.0 = Debug|x64
		{011A90F1-602C-481A-9B3F-4A3DE8D30064}.Debug|x64.Deploy.0 = Debug|x64
		{011A90F1-602C-481A-9B3F-4A3DE8D30064}.Debug|x86.ActiveCfg = Debug|x86
		{011A90F1-602C-481A-9B3F-4A3DE8D30064}.Debug|x86.Build.0 = Debug|x86
		{011A90F1-602C-481A-9B3F-4A3DE8D30064}.Debug|x86.Deploy.0 = Debug|x86
		{011A90F1-602C-481A-9B3F-4A3DE8D30064}.Release|Any CPU.ActiveCfg = Release|x64
		{011A90F1-602C-481A-9B3F-4A3DE8D30064}.Release|Any CPU.Build.0 = Release|x64
		{011A90F1-602C-481A-9B3F-4A3DE8D30064}.Release|Any CPU.Deploy.0 = Release|x64
		{011A90F1-602C-481A-9B3F-4A3DE8D30064}.Release|ARM.ActiveCfg = Release|ARM
		{011A90F1-602C-481A-9B3F-4A3DE8D30064}.Release|ARM.Build.0 = Release|ARM
		{011A90F1-602C-481A-9B3F-4A3DE8D30064}.Release|ARM.Deploy.0 = Release|ARM
		{011A90F1-602C-481A-9B3F-4A3DE8D30064}.Release|arm64.ActiveCfg = Release|ARM64
		{011A90F1-602C-481A-9B3F-4A3DE8D30064}.Release|arm64.Build.0 = Release|ARM64
		{011A90F1-602C-481A-9B3F-4A3DE8D30064}.Release|arm64.Deploy.0 = Release|ARM64
		{011A90F1-602C-481A-9B3F-4A3DE8D30064}.Release|x64.ActiveCfg = Release|x64
		{011A90F1-602C-481A-9B3F-4A3DE8D30064}.Release|x64.Build.0 = Release|x64
		{011A90F1-602C-481A-9B3F-4A3DE8D30064}.Release|x64.Deploy.0 = Release|x64
		{011A90F1-602C-481A-9B3F-4A3DE8D30064}.Release|x86.ActiveCfg = Release|x86
		{011A90F1-602C-481A-9B3F-4A3DE8D30064}.Release|x86.Build.0 = Release|x86
		{011A90F1-602C-481A-9B3F-4A3DE8D30064}.Release|x86.Deploy.0 = Release|x86
	EndGlobalSection
	GlobalSection(SolutionProperties) = preSolution
		HideSolutionNode = FALSE
	EndGlobalSection
	GlobalSection(NestedProjects) = preSolution
		{DF1E24CE-6F42-47D5-AD45-ED4D8567EBF9} = {61D2A3A7-9D45-44C1-838C-935D64DB8F90}
		{38C7AB75-09F8-4116-961C-4755F925619B} = {7184759D-6752-4D95-B7A1-0AC0AF18120C}
		{25479018-10F4-4BC9-A75C-58E66DD642F0} = {E7C05FD2-15A0-4BC4-B4EF-8252268B4EEC}
		{A48BBDF6-429B-42E3-BACB-93CE4FC2BEF7} = {7184759D-6752-4D95-B7A1-0AC0AF18120C}
		{FA2F98C6-07F3-4577-8124-216B586DEB3F} = {7184759D-6752-4D95-B7A1-0AC0AF18120C}
		{011A90F1-602C-481A-9B3F-4A3DE8D30064} = {366A1779-AA73-48D9-8C58-C773F55A2557}
	EndGlobalSection
	GlobalSection(ExtensibilityGlobals) = postSolution
		SolutionGuid = {367C549A-3B03-41E1-BCEE-A15B137BD800}
	EndGlobalSection
EndGlobal
